[[package]]
name = "dearpygui"
version = "0.4.605"
description = "DearPyGui: A simple Python GUI Toolkit"
category = "main"
optional = false
python-versions = ">=3.6"

[[package]]
name = "elevate"
version = "0.1.3"
description = "Python library for requesting root privileges"
category = "main"
optional = false
python-versions = "*"

[[package]]
name = "pycparser"
version = "2.20"
description = "C parser in Python"
category = "main"
optional = false
python-versions = ">=2.7, !=3.0.*, !=3.1.*, !=3.2.*, !=3.3.*"

[[package]]
name = "pythonnet"
version = "2.5.1"
description = ".Net and Mono integration for Python"
category = "main"
optional = false
python-versions = "*"

[package.dependencies]
pycparser = "*"

[metadata]
lock-version = "1.1"
python-versions = "^3.8"
content-hash = "9ec08598e00664bd7034b6a6be007df84d35d2cd4c8049afd41497bf0ff36988"

[metadata.files]
dearpygui = [
    {file = "dearpygui-0.4.605-cp36-cp36m-macosx_10_6_x86_64.whl", hash = "sha256:cf4a57f0a22f46ea9202f649c90166cd3bada6be9c6cbb1b44e20eeb8f28a71c"},
    {file = "dearpygui-0.4.605-cp36-cp36m-manylinux1_x86_64.whl", hash = "sha256:bcf3f8f5b51d32b7d2bd4a5d32e1a721d00c77ff722bf02cf058c2a14974015b"},
    {file = "dearpygui-0.4.605-cp36-cp36m-win_amd64.whl", hash = "sha256:5f8f5e43f68ca9254a1f981ad0739385b23958fd7af222025868b1743ed2d690"},
    {file = "dearpygui-0.4.605-cp37-cp37m-macosx_10_6_x86_64.whl", hash = "sha256:c0b0ab6f15875104b4fc57ed6212a53a90ebe53768e49614a1f821936d7e0dc0"},
    {file = "dearpygui-0.4.605-cp37-cp37m-manylinux1_x86_64.whl", hash = "sha256:6e5596dc6d004cc6543890ce1520185742c936900541697d90d558c9726304b6"},
    {file = "dearpygui-0.4.605-cp37-cp37m-win_amd64.whl", hash = "sha256:964ad4fe52469e16e1e6408592b21b5a46f349c759e3970af731d7d5bba2e539"},
    {file = "dearpygui-0.4.605-cp38-cp38-macosx_10_6_x86_64.whl", hash = "sha256:a6bce2102e29472c476df2e59abc51b37884d815af9434bad75801abbde0a92f"},
    {file = "dearpygui-0.4.605-cp38-cp38-manylinux1_x86_64.whl", hash = "sha256:7adab09b0bb0e65fc55d8c69b3103d4be57bc7217a902c92e2457fcda124e7d5"},
    {file = "dearpygui-0.4.605-cp38-cp38-win_amd64.whl", hash = "sha256:57e97536e1348d2c0218c52a77f9c06bc46eca611011ac3205be648f5425b18a"},
]
elevate = [
    {file = "elevate-0.1.3.tar.gz", hash = "sha256:53ad19fa1de301fb1de3f8768fb3a5894215716fd96a475690c4d0ff3b1de209"},
]
pycparser = [
    {file = "pycparser-2.20-py2.py3-none-any.whl", hash = "sha256:7582ad22678f0fcd81102833f60ef8d0e57288b6b5fb00323d101be910e35705"},
    {file = "pycparser-2.20.tar.gz", hash = "sha256:2d475327684562c3a96cc71adf7dc8c4f0565175cf86b6d7a404ff4c771f15f0"},
]
pythonnet = [
    {file = "pythonnet-2.5.1-cp27-cp27m-win32.whl", hash = "sha256:5d1ec84c7d1ec9d31350383bb4832ef51a916e43cae11d7f7fc127985f62ab6c"},
    {file = "pythonnet-2.5.1-cp27-cp27m-win_amd64.whl", hash = "sha256:6fb41f0b9f3cd9a7ad581e6c817ad44e8ba7cd9ee4b91bbb7718fd85284b0c65"},
    {file = "pythonnet-2.5.1-cp35-cp35m-win32.whl", hash = "sha256:3555c3a1ed5e7359d156043e1b4a4db2c6ae90fad0e8c70547af01e76c86f374"},
    {file = "pythonnet-2.5.1-cp35-cp35m-win_amd64.whl", hash = "sha256:faa3c2a90aadce92bfb28570830b498954243eb5c6907d41e9dcbd936ec9ca52"},
    {file = "pythonnet-2.5.1-cp36-cp36m-win32.whl", hash = "sha256:f0cd76232072b15bba4459cbf9475d81348065ac120e20c301d2593621dd0a76"},
    {file = "pythonnet-2.5.1-cp36-cp36m-win_amd64.whl", hash = "sha256:6b808b3278395f2a2b166844d6b23032f28cda22e5296d2e57a8ecd38cb0d554"},
    {file = "pythonnet-2.5.1-cp37-cp37m-win32.whl", hash = "sha256:93065007501edbe9a97dff1dbb041eeb8f3c1551d469070761b7a75c24308fa2"},
    {file = "pythonnet-2.5.1-cp37-cp37m-win_amd64.whl", hash = "sha256:6bbf050084224d54da7aeb6a90f068e90ae4d3750248700aa0acab7d657df8cd"},
    {file = "pythonnet-2.5.1-cp38-cp38-win32.whl", hash = "sha256:71d5af9205a6f872e654b21a4f77fb2385aa9feff8760057c0518dc470f19d6f"},
    {file = "pythonnet-2.5.1-cp38-cp38-win_amd64.whl", hash = "sha256:c1db9edf41489c1227746cf6382bd087e08b494632010a6bead92984f000a4bf"},
    {file = "pythonnet-2.5.1.tar.gz", hash = "sha256:b4e876e0ddb52c7ce187c1abf529ef1e419743af283fde9d5769c798cf4b078f"},
]
